
Microsoft Visual Studio Solution File, Format Version 12.00
# Visual Studio Version 17
VisualStudioVersion = 17.3.32901.215
MinimumVisualStudioVersion = 10.0.40219.1
Project("{888888A0-9F3D-457C-B088-3A5042F75D52}") = "Finance", "Finance\Finance.pyproj", "{A119DEAB-DBB0-46A7-9728-BF0BA2FA39E5}"
EndProject
Project("{888888A0-9F3D-457C-B088-3A5042F75D52}") = "OpenDataAPI", "OpenDataAPI\OpenDataAPI.pyproj", "{F77F0922-DEAD-449C-B6A2-EC270F36C7AA}"
EndProject
Project("{888888A0-9F3D-457C-B088-3A5042F75D52}") = "Wine", "Wine\Wine.pyproj", "{53422EB0-66B1-4305-A9CA-2869EA9DFC53}"
EndProject
Project("{888888A0-9F3D-457C-B088-3A5042F75D52}") = "FinanceToChart", "FinanceToChart\FinanceToChart.pyproj", "{4E9C3AC9-C17F-47EC-A29E-934CB05B55FB}"
EndProject
Global
	GlobalSection(SolutionConfigurationPlatforms) = preSolution
		Debug|Any CPU = Debug|Any CPU
		Release|Any CPU = Release|Any CPU
	EndGlobalSection
	GlobalSection(ProjectConfigurationPlatforms) = postSolution
		{A119DEAB-DBB0-46A7-9728-BF0BA2FA39E5}.Debug|Any CPU.ActiveCfg = Debug|Any CPU
		{A119DEAB-DBB0-46A7-9728-BF0BA2FA39E5}.Release|Any CPU.ActiveCfg = Release|Any CPU
		{F77F0922-DEAD-449C-B6A2-EC270F36C7AA}.Debug|Any CPU.ActiveCfg = Debug|Any CPU
		{F77F0922-DEAD-449C-B6A2-EC270F36C7AA}.Release|Any CPU.ActiveCfg = Release|Any CPU
		{53422EB0-66B1-4305-A9CA-2869EA9DFC53}.Debug|Any CPU.ActiveCfg = Debug|Any CPU
		{53422EB0-66B1-4305-A9CA-2869EA9DFC53}.Release|Any CPU.ActiveCfg = Release|Any CPU
		{4E9C3AC9-C17F-47EC-A29E-934CB05B55FB}.Debug|Any CPU.ActiveCfg = Debug|Any CPU
		{4E9C3AC9-C17F-47EC-A29E-934CB05B55FB}.Release|Any CPU.ActiveCfg = Release|Any CPU
	EndGlobalSection
	GlobalSection(SolutionProperties) = preSolution
		HideSolutionNode = FALSE
	EndGlobalSection
	GlobalSection(ExtensibilityGlobals) = postSolution
		SolutionGuid = {26BB5C12-94D0-404C-97E8-D1A9183F0ADE}
	EndGlobalSection
EndGlobal
